// !$*UTF8*$!
{
	archiveVersion = 1;
	classes = {
	};
	objectVersion = 46;
	objects = {

/* Begin PBXBuildFile section */
		323137561F08910100DB538F /* AppDelegate.swift in Sources */ = {isa = PBXBuildFile; fileRef = 323137551F08910100DB538F /* AppDelegate.swift */; };
		323137581F08910100DB538F /* ViewController.swift in Sources */ = {isa = PBXBuildFile; fileRef = 323137571F08910100DB538F /* ViewController.swift */; };
		3231375B1F08910100DB538F /* Main.storyboard in Resources */ = {isa = PBXBuildFile; fileRef = 323137591F08910100DB538F /* Main.storyboard */; };
		3231375D1F08910100DB538F /* Assets.xcassets in Resources */ = {isa = PBXBuildFile; fileRef = 3231375C1F08910100DB538F /* Assets.xcassets */; };
		323137601F08910100DB538F /* LaunchScreen.storyboard in Resources */ = {isa = PBXBuildFile; fileRef = 3231375E1F08910100DB538F /* LaunchScreen.storyboard */; };
		323137691F08F26300DB538F /* CalculatorBrain.swift in Sources */ = {isa = PBXBuildFile; fileRef = 323137681F08F26300DB538F /* CalculatorBrain.swift */; };
		3283B9351F7E6FD200E1AC41 /* btn.wav in Resources */ = {isa = PBXBuildFile; fileRef = 3283B9341F7E6FD200E1AC41 /* btn.wav */; };
/* End PBXBuildFile section */

/* Begin PBXFileReference section */
		323137521F08910100DB538F /* Calculator.app */ = {isa = PBXFileReference; explicitFileType = wrapper.application; includeInIndex = 0; path = Calculator.app; sourceTree = BUILT_PRODUCTS_DIR; };
		323137551F08910100DB538F /* AppDelegate.swift */ = {isa = PBXFileReference; lastKnownFileType = sourcecode.swift; path = AppDelegate.swift; sourceTree = "<group>"; };
		323137571F08910100DB538F /* ViewController.swift */ = {isa = PBXFileReference; lastKnownFileType = sourcecode.swift; path = ViewController.swift; sourceTree = "<group>"; };
		3231375A1F08910100DB538F /* Base */ = {isa = PBXFileReference; lastKnownFileType = file.storyboard; name = Base; path = Base.lproj/Main.storyboard; sourceTree = "<group>"; };
		3231375C1F08910100DB538F /* Assets.xcassets */ = {isa = PBXFileReference; lastKnownFileType = folder.assetcatalog; path = Assets.xcassets; sourceTree = "<group>"; };
		3231375F1F08910100DB538F /* Base */ = {isa = PBXFileReference; lastKnownFileType = file.storyboard; name = Base; path = Base.lproj/LaunchScreen.storyboard; sourceTree = "<group>"; };
		323137611F08910100DB538F /* Info.plist */ = {isa = PBXFileReference; lastKnownFileType = text.plist.xml; path = Info.plist; sourceTree = "<group>"; };
		323137681F08F26300DB538F /* CalculatorBrain.swift */ = {isa = PBXFileReference; fileEncoding = 4; lastKnownFileType = sourcecode.swift; path = CalculatorBrain.swift; sourceTree = "<group>"; };
		3283B9341F7E6FD200E1AC41 /* btn.wav */ = {isa = PBXFileReference; lastKnownFileType = audio.wav; path = btn.wav; sourceTree = "<group>"; };
/* End PBXFileReference section */

/* Begin PBXFrameworksBuildPhase section */
		3231374F1F08910100DB538F /* Frameworks */ = {
			isa = PBXFrameworksBuildPhase;
			buildActionMask = 2147483647;
			files = (
			);
			runOnlyForDeploymentPostprocessing = 0;
		};
/* End PBXFrameworksBuildPhase section */

/* Begin PBXGroup section */
		323137491F08910100DB538F = {
			isa = PBXGroup;
			children = (
				323137541F08910100DB538F /* Calculator */,
				323137531F08910100DB538F /* Products */,
			);
			sourceTree = "<group>";
		};
		323137531F08910100DB538F /* Products */ = {
			isa = PBXGroup;
			children = (
				323137521F08910100DB538F /* Calculator.app */,
			);
			name = Products;
			sourceTree = "<group>";
		};
		323137541F08910100DB538F /* Calculator */ = {
			isa = PBXGroup;
			children = (
				323137681F08F26300DB538F /* CalculatorBrain.swift */,
				323137571F08910100DB538F /* ViewController.swift */,
				3283B9341F7E6FD200E1AC41 /* btn.wav */,
				323137591F08910100DB538F /* Main.storyboard */,
				323137671F08946400DB538F /* Supporting files */,
			);
			path = Calculator;
			sourceTree = "<group>";
		};
		323137671F08946400DB538F /* Supporting files */ = {
			isa = PBXGroup;
			children = (
				323137551F08910100DB538F /* AppDelegate.swift */,
				3231375C1F08910100DB538F /* Assets.xcassets */,
				3231375E1F08910100DB538F /* LaunchScreen.storyboard */,
				323137611F08910100DB538F /* Info.plist */,
			);
			name = "Supporting files";
			sourceTree = "<group>";
		};
/* End PBXGroup section */

/* Begin PBXNativeTarget section */
		323137511F08910100DB538F /* Calculator */ = {
			isa = PBXNativeTarget;
			buildConfigurationList = 323137641F08910100DB538F /* Build configuration list for PBXNativeTarget "Calculator" */;
			buildPhases = (
				3231374E1F08910100DB538F /* Sources */,
				3231374F1F08910100DB538F /* Frameworks */,
				323137501F08910100DB538F /* Resources */,
			);
			buildRules = (
			);
			dependencies = (
			);
			name = Calculator;
			productName = Calculator;
			productReference = 323137521F08910100DB538F /* Calculator.app */;
			productType = "com.apple.product-type.application";
		};
/* End PBXNativeTarget section */

/* Begin PBXProject section */
		3231374A1F08910100DB538F /* Project object */ = {
			isa = PBXProject;
			attributes = {
				LastSwiftUpdateCheck = 0830;
				LastUpgradeCheck = 0830;
				ORGANIZATIONNAME = Sai;
				TargetAttributes = {
					323137511F08910100DB538F = {
						CreatedOnToolsVersion = 8.3.3;
						DevelopmentTeam = R4N96Z8FVK;
						ProvisioningStyle = Automatic;
					};
				};
			};
			buildConfigurationList = 3231374D1F08910100DB538F /* Build configuration list for PBXProject "Calculator" */;
			compatibilityVersion = "Xcode 3.2";
			developmentRegion = English;
			hasScannedForEncodings = 0;
			knownRegions = (
				en,
				Base,
			);
			mainGroup = 323137491F08910100DB538F;
			productRefGroup = 323137531F08910100DB538F /* Products */;
			projectDirPath = "";
			projectRoot = "";
			targets = (
				323137511F08910100DB538F /* Calculator */,
			);
		};
/* End PBXProject section */

/* Begin PBXResourcesBuildPhase section */
		323137501F08910100DB538F /* Resources */ = {
			isa = PBXResourcesBuildPhase;
			buildActionMask = 2147483647;
			files = (
				323137601F08910100DB538F /* LaunchScreen.storyboard in Resources */,
				3231375D1F08910100DB538F /* Assets.xcassets in Resources */,
				3231375B1F08910100DB538F /* Main.storyboard in Resources */,
				3283B9351F7E6FD200E1AC41 /* btn.wav in Resources */,
			);
			runOnlyForDeploymentPostprocessing = 0;
		};
/* End PBXResourcesBuildPhase section */

/* Begin PBXSourcesBuildPhase section */
		3231374E1F08910100DB538F /* Sources */ = {
			isa = PBXSourcesBuildPhase;
			buildActionMask = 2147483647;
			files = (
				323137691F08F26300DB538F /* CalculatorBrain.swift in Sources */,
				323137581F08910100DB538F /* ViewController.swift in Sources */,
				323137561F08910100DB538F /* AppDelegate.swift in Sources */,
			);
			runOnlyForDeploymentPostprocessing = 0;
		};
/* End PBXSourcesBuildPhase section */

/* Begin PBXVariantGroup section */
		323137591F08910100DB538F /* Main.storyboard */ = {
			isa = PBXVariantGroup;
			children = (
				3231375A1F08910100DB538F /* Base */,
			);
			name = Main.storyboard;
			sourceTree = "<group>";
		};
		3231375E1F08910100DB538F /* LaunchScreen.storyboard */ = {
			isa = PBXVariantGroup;
			children = (
				3231375F1F08910100DB538F /* Base */,
			);
			name = LaunchScreen.storyboard;
			sourceTree = "<group>";
		};
/* End PBXVariantGroup section */

/* Begin XCBuildConfiguration section */
		323137621F08910100DB538F /* Debug */ = {
			isa = XCBuildConfiguration;
			buildSettings = {
				ALWAYS_SEARCH_USER_PATHS = NO;
				CLANG_ANALYZER_NONNULL = YES;
				CLANG_ANALYZER_NUMBER_OBJECT_CONVERSION = YES_AGGRESSIVE;
				CLANG_CXX_LANGUAGE_STANDARD = "gnu++0x";
				CLANG_CXX_LIBRARY = "libc++";
				CLANG_ENABLE_MODULES = YES;
				CLANG_ENABLE_OBJC_ARC = YES;
				CLANG_WARN_BOOL_CONVERSION = YES;
				CLANG_WARN_CONSTANT_CONVERSION = YES;
				CLANG_WARN_DIRECT_OBJC_ISA_USAGE = YES_ERROR;
				CLANG_WARN_DOCUMENTATION_COMMENTS = YES;
				CLANG_WARN_EMPTY_BODY = YES;
				CLANG_WARN_ENUM_CONVERSION = YES;
				CLANG_WARN_INFINITE_RECURSION = YES;
				CLANG_WARN_INT_CONVERSION = YES;
				CLANG_WARN_OBJC_ROOT_CLASS = YES_ERROR;
				CLANG_WARN_SUSPICIOUS_MOVE = YES;
				CLANG_WARN_UNREACHABLE_CODE = YES;
				CLANG_WARN__DUPLICATE_METHOD_MATCH = YES;
				"CODE_SIGN_IDENTITY[sdk=iphoneos*]" = "iPhone Developer";
				COPY_PHASE_STRIP = NO;
				DEBUG_INFORMATION_FORMAT = dwarf;
				ENABLE_STRICT_OBJC_MSGSEND = YES;
				ENABLE_TESTABILITY = YES;
				GCC_C_LANGUAGE_STANDARD = gnu99;
				GCC_DYNAMIC_NO_PIC = NO;
				GCC_NO_COMMON_BLOCKS = YES;
				GCC_OPTIMIZATION_LEVEL = 0;
				GCC_PREPROCESSOR_DEFINITIONS = (
					"DEBUG=1",
					"$(inherited)",
				);
				GCC_WARN_64_TO_32_BIT_CONVERSION = YES;
				GCC_WARN_ABOUT_RETURN_TYPE = YES_ERROR;
				GCC_WARN_UNDECLARED_SELECTOR = YES;
				GCC_WARN_UNINITIALIZED_AUTOS = YES_AGGRESSIVE;
				GCC_WARN_UNUSED_FUNCTION = YES;
				GCC_WARN_UNUSED_VARIABLE = YES;
				IPHONEOS_DEPLOYMENT_TARGET = 10.3;
				MTL_ENABLE_DEBUG_INFO = YES;
				ONLY_ACTIVE_ARCH = YES;
				SDKROOT = iphoneos;
				SWIFT_ACTIVE_COMPILATION_CONDITIONS = DEBUG;
				SWIFT_OPTIMIZATION_LEVEL = "-Onone";
				TARGETED_DEVICE_FAMILY = "1,2";
			};
			name = Debug;
		};
		323137631F08910100DB538F /* Release */ = {
			isa = XCBuildConfiguration;
			buildSettings = {
				ALWAYS_SEARCH_USER_PATHS = NO;
				CLANG_ANALYZER_NONNULL = YES;
				CLANG_ANALYZER_NUMBER_OBJECT_CONVERSION = YES_AGGRESSIVE;
				CLANG_CXX_LANGUAGE_STANDARD = "gnu++0x";
				CLANG_CXX_LIBRARY = "libc++";
				CLANG_ENABLE_MODULES = YES;
				CLANG_ENABLE_OBJC_ARC = YES;
				CLANG_WARN_BOOL_CONVERSION = YES;
				CLANG_WARN_CONSTANT_CONVERSION = YES;
				CLANG_WARN_DIRECT_OBJC_ISA_USAGE = YES_ERROR;
				CLANG_WARN_DOCUMENTATION_COMMENTS = YES;
				CLANG_WARN_EMPTY_BODY = YES;
				CLANG_WARN_ENUM_CONVERSION = YES;
				CLANG_WARN_INFINITE_RECURSION = YES;
				CLANG_WARN_INT_CONVERSION = YES;
				CLANG_WARN_OBJC_ROOT_CLASS = YES_ERROR;
				CLANG_WARN_SUSPICIOUS_MOVE = YES;
				CLANG_WARN_UNREACHABLE_CODE = YES;
				CLANG_WARN__DUPLICATE_METHOD_MATCH = YES;
				"CODE_SIGN_IDENTITY[sdk=iphoneos*]" = "iPhone Developer";
				COPY_PHASE_STRIP = NO;
				DEBUG_INFORMATION_FORMAT = "dwarf-with-dsym";
				ENABLE_NS_ASSERTIONS = NO;
				ENABLE_STRICT_OBJC_MSGSEND = YES;
				GCC_C_LANGUAGE_STANDARD = gnu99;
				GCC_NO_COMMON_BLOCKS = YES;
				GCC_WARN_64_TO_32_BIT_CONVERSION = YES;
				GCC_WARN_ABOUT_RETURN_TYPE = YES_ERROR;
				GCC_WARN_UNDECLARED_SELECTOR = YES;
				GCC_WARN_UNINITIALIZED_AUTOS = YES_AGGRESSIVE;
				GCC_WARN_UNUSED_FUNCTION = YES;
				GCC_WARN_UNUSED_VARIABLE = YES;
				IPHONEOS_DEPLOYMENT_TARGET = 10.3;
				MTL_ENABLE_DEBUG_INFO = NO;
				SDKROOT = iphoneos;
				SWIFT_OPTIMIZATION_LEVEL = "-Owholemodule";
				TARGETED_DEVICE_FAMILY = "1,2";
				VALIDATE_PRODUCT = YES;
			};
			name = Release;
		};
		323137651F08910100DB538F /* Debug */ = {
			isa = XCBuildConfiguration;
			buildSettings = {
				ASSETCATALOG_COMPILER_APPICON_NAME = AppIcon;
				DEVELOPMENT_TEAM = R4N96Z8FVK;
				INFOPLIST_FILE = Calculator/Info.plist;
				LD_RUNPATH_SEARCH_PATHS = "$(inherited) @executable_path/Frameworks";
				PRODUCT_BUNDLE_IDENTIFIER = com.sai.Calculator;
				PRODUCT_NAME = "$(TARGET_NAME)";
				SWIFT_VERSION = 3.0;
			};
			name = Debug;
		};
		323137661F08910100DB538F /* Release */ = {
			isa = XCBuildConfiguration;
			buildSettings = {
				ASSETCATALOG_COMPILER_APPICON_NAME = AppIcon;
				DEVELOPMENT_TEAM = R4N96Z8FVK;
				INFOPLIST_FILE = Calculator/Info.plist;
				LD_RUNPATH_SEARCH_PATHS = "$(inherited) @executable_path/Frameworks";
				PRODUCT_BUNDLE_IDENTIFIER = com.sai.Calculator;
				PRODUCT_NAME = "$(TARGET_NAME)";
				SWIFT_VERSION = 3.0;
			};
			name = Release;
		};
/* End XCBuildConfiguration section */

/* Begin XCConfigurationList section */
		3231374D1F08910100DB538F /* Build configuration list for PBXProject "Calculator" */ = {
			isa = XCConfigurationList;
			buildConfigurations = (
				323137621F08910100DB538F /* Debug */,
				323137631F08910100DB538F /* Release */,
			);
			defaultConfigurationIsVisible = 0;
			defaultConfigurationName = Release;
		};
		323137641F08910100DB538F /* Build configuration list for PBXNativeTarget "Calculator" */ = {
			isa = XCConfigurationList;
			buildConfigurations = (
				323137651F08910100DB538F /* Debug */,
				323137661F08910100DB538F /* Release */,
			);
			defaultConfigurationIsVisible = 0;
			defaultConfigurationName = Release;
		};
/* End XCConfigurationList section */
	};
	rootObject = 3231374A1F08910100DB538F /* Project object */;
}
